// !$*UTF8*$!
{
	archiveVersion = 1;
	classes = {
	};
	objectVersion = 55;
	objects = {

/* Begin PBXBuildFile section */
		0531C0D628511F6000124EB9 /* OrdersViewController.swift in Sources */ = {isa = PBXBuildFile; fileRef = 0531C0D528511F6000124EB9 /* OrdersViewController.swift */; };
		0531C0D82851207600124EB9 /* OrdersTableViewCell.swift in Sources */ = {isa = PBXBuildFile; fileRef = 0531C0D72851207600124EB9 /* OrdersTableViewCell.swift */; };
		0531C0DA2851284600124EB9 /* Orders.swift in Sources */ = {isa = PBXBuildFile; fileRef = 0531C0D92851284600124EB9 /* Orders.swift */; };
		05543BA3283AE2A300017455 /* AppDelegate.swift in Sources */ = {isa = PBXBuildFile; fileRef = 05543BA2283AE2A300017455 /* AppDelegate.swift */; };
		05543BA5283AE2A300017455 /* SceneDelegate.swift in Sources */ = {isa = PBXBuildFile; fileRef = 05543BA4283AE2A300017455 /* SceneDelegate.swift */; };
		05543BA7283AE2A300017455 /* ViewController.swift in Sources */ = {isa = PBXBuildFile; fileRef = 05543BA6283AE2A300017455 /* ViewController.swift */; };
		05543BAA283AE2A300017455 /* Main.storyboard in Resources */ = {isa = PBXBuildFile; fileRef = 05543BA8283AE2A300017455 /* Main.storyboard */; };
		05543BAC283AE2A500017455 /* Assets.xcassets in Resources */ = {isa = PBXBuildFile; fileRef = 05543BAB283AE2A500017455 /* Assets.xcassets */; };
		05543BAF283AE2A500017455 /* LaunchScreen.storyboard in Resources */ = {isa = PBXBuildFile; fileRef = 05543BAD283AE2A500017455 /* LaunchScreen.storyboard */; };
		05543BB7283AE34D00017455 /* RegisterViewController.swift in Sources */ = {isa = PBXBuildFile; fileRef = 05543BB6283AE34D00017455 /* RegisterViewController.swift */; };
		05543BB9283C2FAA00017455 /* CategoriesViewController.swift in Sources */ = {isa = PBXBuildFile; fileRef = 05543BB8283C2FAA00017455 /* CategoriesViewController.swift */; };
		05543BBB283C2FCB00017455 /* ItemsViewController.swift in Sources */ = {isa = PBXBuildFile; fileRef = 05543BBA283C2FCB00017455 /* ItemsViewController.swift */; };
		05543BBF283C449200017455 /* RoundCollectionViewCell.swift in Sources */ = {isa = PBXBuildFile; fileRef = 05543BBE283C449200017455 /* RoundCollectionViewCell.swift */; };
		05869DEE284417E5005C9914 /* Kingfisher in Frameworks */ = {isa = PBXBuildFile; productRef = 05869DED284417E5005C9914 /* Kingfisher */; };
		05869DF128441805005C9914 /* Alamofire in Frameworks */ = {isa = PBXBuildFile; productRef = 05869DF028441805005C9914 /* Alamofire */; };
		05869DF428441C66005C9914 /* ConnectionWS.swift in Sources */ = {isa = PBXBuildFile; fileRef = 05869DF328441C66005C9914 /* ConnectionWS.swift */; };
		05869DF628441C9E005C9914 /* ResponseServer.swift in Sources */ = {isa = PBXBuildFile; fileRef = 05869DF528441C9E005C9914 /* ResponseServer.swift */; };
		05869DF8284715D5005C9914 /* itemCollectionViewCell.swift in Sources */ = {isa = PBXBuildFile; fileRef = 05869DF7284715D5005C9914 /* itemCollectionViewCell.swift */; };
		05869DFA28471B2D005C9914 /* items.swift in Sources */ = {isa = PBXBuildFile; fileRef = 05869DF928471B2D005C9914 /* items.swift */; };
		05869DFC28473FCF005C9914 /* IndividualItemViewController.swift in Sources */ = {isa = PBXBuildFile; fileRef = 05869DFB28473FCF005C9914 /* IndividualItemViewController.swift */; };
		05869DFE28481B47005C9914 /* CartViewController.swift in Sources */ = {isa = PBXBuildFile; fileRef = 05869DFD28481B47005C9914 /* CartViewController.swift */; };
		05A73580284FDBD200E6642D /* Cart.swift in Sources */ = {isa = PBXBuildFile; fileRef = 05A7357F284FDBD200E6642D /* Cart.swift */; };
		05A735822850488E00E6642D /* CartTableViewCell.swift in Sources */ = {isa = PBXBuildFile; fileRef = 05A735812850488E00E6642D /* CartTableViewCell.swift */; };
		05A969F2284321FE0004B513 /* categories.swift in Sources */ = {isa = PBXBuildFile; fileRef = 05A969F1284321FE0004B513 /* categories.swift */; };
/* End PBXBuildFile section */

/* Begin PBXFileReference section */
		0531C0D528511F6000124EB9 /* OrdersViewController.swift */ = {isa = PBXFileReference; lastKnownFileType = sourcecode.swift; path = OrdersViewController.swift; sourceTree = "<group>"; };
		0531C0D72851207600124EB9 /* OrdersTableViewCell.swift */ = {isa = PBXFileReference; lastKnownFileType = sourcecode.swift; path = OrdersTableViewCell.swift; sourceTree = "<group>"; };
		0531C0D92851284600124EB9 /* Orders.swift */ = {isa = PBXFileReference; lastKnownFileType = sourcecode.swift; path = Orders.swift; sourceTree = "<group>"; };
		05543B9F283AE2A300017455 /* Ordinario.app */ = {isa = PBXFileReference; explicitFileType = wrapper.application; includeInIndex = 0; path = Ordinario.app; sourceTree = BUILT_PRODUCTS_DIR; };
		05543BA2283AE2A300017455 /* AppDelegate.swift */ = {isa = PBXFileReference; lastKnownFileType = sourcecode.swift; path = AppDelegate.swift; sourceTree = "<group>"; };
		05543BA4283AE2A300017455 /* SceneDelegate.swift */ = {isa = PBXFileReference; lastKnownFileType = sourcecode.swift; path = SceneDelegate.swift; sourceTree = "<group>"; };
		05543BA6283AE2A300017455 /* ViewController.swift */ = {isa = PBXFileReference; lastKnownFileType = sourcecode.swift; path = ViewController.swift; sourceTree = "<group>"; };
		05543BA9283AE2A300017455 /* Base */ = {isa = PBXFileReference; lastKnownFileType = file.storyboard; name = Base; path = Base.lproj/Main.storyboard; sourceTree = "<group>"; };
		05543BAB283AE2A500017455 /* Assets.xcassets */ = {isa = PBXFileReference; lastKnownFileType = folder.assetcatalog; path = Assets.xcassets; sourceTree = "<group>"; };
		05543BAE283AE2A500017455 /* Base */ = {isa = PBXFileReference; lastKnownFileType = file.storyboard; name = Base; path = Base.lproj/LaunchScreen.storyboard; sourceTree = "<group>"; };
		05543BB0283AE2A500017455 /* Info.plist */ = {isa = PBXFileReference; lastKnownFileType = text.plist.xml; path = Info.plist; sourceTree = "<group>"; };
		05543BB6283AE34D00017455 /* RegisterViewController.swift */ = {isa = PBXFileReference; lastKnownFileType = sourcecode.swift; path = RegisterViewController.swift; sourceTree = "<group>"; };
		05543BB8283C2FAA00017455 /* CategoriesViewController.swift */ = {isa = PBXFileReference; lastKnownFileType = sourcecode.swift; path = CategoriesViewController.swift; sourceTree = "<group>"; };
		05543BBA283C2FCB00017455 /* ItemsViewController.swift */ = {isa = PBXFileReference; lastKnownFileType = sourcecode.swift; path = ItemsViewController.swift; sourceTree = "<group>"; };
		05543BBE283C449200017455 /* RoundCollectionViewCell.swift */ = {isa = PBXFileReference; lastKnownFileType = sourcecode.swift; path = RoundCollectionViewCell.swift; sourceTree = "<group>"; };
		05869DF328441C66005C9914 /* ConnectionWS.swift */ = {isa = PBXFileReference; lastKnownFileType = sourcecode.swift; path = ConnectionWS.swift; sourceTree = "<group>"; };
		05869DF528441C9E005C9914 /* ResponseServer.swift */ = {isa = PBXFileReference; lastKnownFileType = sourcecode.swift; path = ResponseServer.swift; sourceTree = "<group>"; };
		05869DF7284715D5005C9914 /* itemCollectionViewCell.swift */ = {isa = PBXFileReference; lastKnownFileType = sourcecode.swift; path = itemCollectionViewCell.swift; sourceTree = "<group>"; };
		05869DF928471B2D005C9914 /* items.swift */ = {isa = PBXFileReference; lastKnownFileType = sourcecode.swift; path = items.swift; sourceTree = "<group>"; };
		05869DFB28473FCF005C9914 /* IndividualItemViewController.swift */ = {isa = PBXFileReference; lastKnownFileType = sourcecode.swift; name = IndividualItemViewController.swift; path = Ordinario/IndividualItemViewController.swift; sourceTree = SOURCE_ROOT; };
		05869DFD28481B47005C9914 /* CartViewController.swift */ = {isa = PBXFileReference; lastKnownFileType = sourcecode.swift; path = CartViewController.swift; sourceTree = "<group>"; };
		05A7357F284FDBD200E6642D /* Cart.swift */ = {isa = PBXFileReference; lastKnownFileType = sourcecode.swift; path = Cart.swift; sourceTree = "<group>"; };
		05A735812850488E00E6642D /* CartTableViewCell.swift */ = {isa = PBXFileReference; lastKnownFileType = sourcecode.swift; path = CartTableViewCell.swift; sourceTree = "<group>"; };
		05A969F1284321FE0004B513 /* categories.swift */ = {isa = PBXFileReference; lastKnownFileType = sourcecode.swift; path = categories.swift; sourceTree = "<group>"; };
/* End PBXFileReference section */

/* Begin PBXFrameworksBuildPhase section */
		05543B9C283AE2A300017455 /* Frameworks */ = {
			isa = PBXFrameworksBuildPhase;
			buildActionMask = 2147483647;
			files = (
				05869DEE284417E5005C9914 /* Kingfisher in Frameworks */,
				05869DF128441805005C9914 /* Alamofire in Frameworks */,
			);
			runOnlyForDeploymentPostprocessing = 0;
		};
/* End PBXFrameworksBuildPhase section */

/* Begin PBXGroup section */
		05543B96283AE2A300017455 = {
			isa = PBXGroup;
			children = (
				05543BA1283AE2A300017455 /* Ordinario */,
				05543BA0283AE2A300017455 /* Products */,
			);
			sourceTree = "<group>";
		};
		05543BA0283AE2A300017455 /* Products */ = {
			isa = PBXGroup;
			children = (
				05543B9F283AE2A300017455 /* Ordinario.app */,
			);
			name = Products;
			sourceTree = "<group>";
		};
		05543BA1283AE2A300017455 /* Ordinario */ = {
			isa = PBXGroup;
			children = (
				05869DF228441C32005C9914 /* connection */,
				05543BBE283C449200017455 /* RoundCollectionViewCell.swift */,
				05869DFB28473FCF005C9914 /* IndividualItemViewController.swift */,
				05543BA2283AE2A300017455 /* AppDelegate.swift */,
				05543BA4283AE2A300017455 /* SceneDelegate.swift */,
				05543BA6283AE2A300017455 /* ViewController.swift */,
				05543BB6283AE34D00017455 /* RegisterViewController.swift */,
				05543BB8283C2FAA00017455 /* CategoriesViewController.swift */,
				05543BBA283C2FCB00017455 /* ItemsViewController.swift */,
				0531C0D92851284600124EB9 /* Orders.swift */,
				05543BA8283AE2A300017455 /* Main.storyboard */,
				05543BAB283AE2A500017455 /* Assets.xcassets */,
				05543BAD283AE2A500017455 /* LaunchScreen.storyboard */,
				05543BB0283AE2A500017455 /* Info.plist */,
				05A969F1284321FE0004B513 /* categories.swift */,
				05869DF7284715D5005C9914 /* itemCollectionViewCell.swift */,
				05869DF928471B2D005C9914 /* items.swift */,
				05869DFD28481B47005C9914 /* CartViewController.swift */,
				05A7357F284FDBD200E6642D /* Cart.swift */,
				05A735812850488E00E6642D /* CartTableViewCell.swift */,
				0531C0D528511F6000124EB9 /* OrdersViewController.swift */,
				0531C0D72851207600124EB9 /* OrdersTableViewCell.swift */,
			);
			path = Ordinario;
			sourceTree = "<group>";
		};
		05869DF228441C32005C9914 /* connection */ = {
			isa = PBXGroup;
			children = (
				05869DF328441C66005C9914 /* ConnectionWS.swift */,
				05869DF528441C9E005C9914 /* ResponseServer.swift */,
			);
			path = connection;
			sourceTree = "<group>";
		};
/* End PBXGroup section */

/* Begin PBXNativeTarget section */
		05543B9E283AE2A300017455 /* Ordinario */ = {
			isa = PBXNativeTarget;
			buildConfigurationList = 05543BB3283AE2A500017455 /* Build configuration list for PBXNativeTarget "Ordinario" */;
			buildPhases = (
				05543B9B283AE2A300017455 /* Sources */,
				05543B9C283AE2A300017455 /* Frameworks */,
				05543B9D283AE2A300017455 /* Resources */,
			);
			buildRules = (
			);
			dependencies = (
			);
			name = Ordinario;
			packageProductDependencies = (
				05869DED284417E5005C9914 /* Kingfisher */,
				05869DF028441805005C9914 /* Alamofire */,
			);
			productName = Ordinario;
			productReference = 05543B9F283AE2A300017455 /* Ordinario.app */;
			productType = "com.apple.product-type.application";
		};
/* End PBXNativeTarget section */

/* Begin PBXProject section */
		05543B97283AE2A300017455 /* Project object */ = {
			isa = PBXProject;
			attributes = {
				BuildIndependentTargetsInParallel = 1;
				LastSwiftUpdateCheck = 1340;
				LastUpgradeCheck = 1340;
				TargetAttributes = {
					05543B9E283AE2A300017455 = {
						CreatedOnToolsVersion = 13.4;
					};
				};
			};
			buildConfigurationList = 05543B9A283AE2A300017455 /* Build configuration list for PBXProject "Ordinario" */;
			compatibilityVersion = "Xcode 13.0";
			developmentRegion = en;
			hasScannedForEncodings = 0;
			knownRegions = (
				en,
				Base,
			);
			mainGroup = 05543B96283AE2A300017455;
			packageReferences = (
				05869DEC284417E5005C9914 /* XCRemoteSwiftPackageReference "Kingfisher" */,
				05869DEF28441805005C9914 /* XCRemoteSwiftPackageReference "Alamofire" */,
			);
			productRefGroup = 05543BA0283AE2A300017455 /* Products */;
			projectDirPath = "";
			projectRoot = "";
			targets = (
				05543B9E283AE2A300017455 /* Ordinario */,
			);
		};
/* End PBXProject section */

/* Begin PBXResourcesBuildPhase section */
		05543B9D283AE2A300017455 /* Resources */ = {
			isa = PBXResourcesBuildPhase;
			buildActionMask = 2147483647;
			files = (
				05543BAF283AE2A500017455 /* LaunchScreen.storyboard in Resources */,
				05543BAC283AE2A500017455 /* Assets.xcassets in Resources */,
				05543BAA283AE2A300017455 /* Main.storyboard in Resources */,
			);
			runOnlyForDeploymentPostprocessing = 0;
		};
/* End PBXResourcesBuildPhase section */

/* Begin PBXSourcesBuildPhase section */
		05543B9B283AE2A300017455 /* Sources */ = {
			isa = PBXSourcesBuildPhase;
			buildActionMask = 2147483647;
			files = (
				05869DFC28473FCF005C9914 /* IndividualItemViewController.swift in Sources */,
				05869DF8284715D5005C9914 /* itemCollectionViewCell.swift in Sources */,
				05869DFE28481B47005C9914 /* CartViewController.swift in Sources */,
				05543BA7283AE2A300017455 /* ViewController.swift in Sources */,
				05A969F2284321FE0004B513 /* categories.swift in Sources */,
				05543BBB283C2FCB00017455 /* ItemsViewController.swift in Sources */,
				0531C0DA2851284600124EB9 /* Orders.swift in Sources */,
				05543BBF283C449200017455 /* RoundCollectionViewCell.swift in Sources */,
				05A73580284FDBD200E6642D /* Cart.swift in Sources */,
				05543BA3283AE2A300017455 /* AppDelegate.swift in Sources */,
				05869DF428441C66005C9914 /* ConnectionWS.swift in Sources */,
				0531C0D82851207600124EB9 /* OrdersTableViewCell.swift in Sources */,
				05543BA5283AE2A300017455 /* SceneDelegate.swift in Sources */,
				05869DFA28471B2D005C9914 /* items.swift in Sources */,
				05543BB7283AE34D00017455 /* RegisterViewController.swift in Sources */,
				05543BB9283C2FAA00017455 /* CategoriesViewController.swift in Sources */,
				05869DF628441C9E005C9914 /* ResponseServer.swift in Sources */,
				0531C0D628511F6000124EB9 /* OrdersViewController.swift in Sources */,
				05A735822850488E00E6642D /* CartTableViewCell.swift in Sources */,
			);
			runOnlyForDeploymentPostprocessing = 0;
		};
/* End PBXSourcesBuildPhase section */

/* Begin PBXVariantGroup section */
		05543BA8283AE2A300017455 /* Main.storyboard */ = {
			isa = PBXVariantGroup;
			children = (
				05543BA9283AE2A300017455 /* Base */,
			);
			name = Main.storyboard;
			sourceTree = "<group>";
		};
		05543BAD283AE2A500017455 /* LaunchScreen.storyboard */ = {
			isa = PBXVariantGroup;
			children = (
				05543BAE283AE2A500017455 /* Base */,
			);
			name = LaunchScreen.storyboard;
			sourceTree = "<group>";
		};
/* End PBXVariantGroup section */

/* Begin XCBuildConfiguration section */
		05543BB1283AE2A500017455 /* Debug */ = {
			isa = XCBuildConfiguration;
			buildSettings = {
				ALWAYS_SEARCH_USER_PATHS = NO;
				CLANG_ANALYZER_NONNULL = YES;
				CLANG_ANALYZER_NUMBER_OBJECT_CONVERSION = YES_AGGRESSIVE;
				CLANG_CXX_LANGUAGE_STANDARD = "gnu++17";
				CLANG_ENABLE_MODULES = YES;
				CLANG_ENABLE_OBJC_ARC = YES;
				CLANG_ENABLE_OBJC_WEAK = YES;
				CLANG_WARN_BLOCK_CAPTURE_AUTORELEASING = YES;
				CLANG_WARN_BOOL_CONVERSION = YES;
				CLANG_WARN_COMMA = YES;
				CLANG_WARN_CONSTANT_CONVERSION = YES;
				CLANG_WARN_DEPRECATED_OBJC_IMPLEMENTATIONS = YES;
				CLANG_WARN_DIRECT_OBJC_ISA_USAGE = YES_ERROR;
				CLANG_WARN_DOCUMENTATION_COMMENTS = YES;
				CLANG_WARN_EMPTY_BODY = YES;
				CLANG_WARN_ENUM_CONVERSION = YES;
				CLANG_WARN_INFINITE_RECURSION = YES;
				CLANG_WARN_INT_CONVERSION = YES;
				CLANG_WARN_NON_LITERAL_NULL_CONVERSION = YES;
				CLANG_WARN_OBJC_IMPLICIT_RETAIN_SELF = YES;
				CLANG_WARN_OBJC_LITERAL_CONVERSION = YES;
				CLANG_WARN_OBJC_ROOT_CLASS = YES_ERROR;
				CLANG_WARN_QUOTED_INCLUDE_IN_FRAMEWORK_HEADER = YES;
				CLANG_WARN_RANGE_LOOP_ANALYSIS = YES;
				CLANG_WARN_STRICT_PROTOTYPES = YES;
				CLANG_WARN_SUSPICIOUS_MOVE = YES;
				CLANG_WARN_UNGUARDED_AVAILABILITY = YES_AGGRESSIVE;
				CLANG_WARN_UNREACHABLE_CODE = YES;
				CLANG_WARN__DUPLICATE_METHOD_MATCH = YES;
				COPY_PHASE_STRIP = NO;
				DEBUG_INFORMATION_FORMAT = dwarf;
				ENABLE_STRICT_OBJC_MSGSEND = YES;
				ENABLE_TESTABILITY = YES;
				GCC_C_LANGUAGE_STANDARD = gnu11;
				GCC_DYNAMIC_NO_PIC = NO;
				GCC_NO_COMMON_BLOCKS = YES;
				GCC_OPTIMIZATION_LEVEL = 0;
				GCC_PREPROCESSOR_DEFINITIONS = (
					"DEBUG=1",
					"$(inherited)",
				);
				GCC_WARN_64_TO_32_BIT_CONVERSION = YES;
				GCC_WARN_ABOUT_RETURN_TYPE = YES_ERROR;
				GCC_WARN_UNDECLARED_SELECTOR = YES;
				GCC_WARN_UNINITIALIZED_AUTOS = YES_AGGRESSIVE;
				GCC_WARN_UNUSED_FUNCTION = YES;
				GCC_WARN_UNUSED_VARIABLE = YES;
				IPHONEOS_DEPLOYMENT_TARGET = 15.5;
				MTL_ENABLE_DEBUG_INFO = INCLUDE_SOURCE;
				MTL_FAST_MATH = YES;
				ONLY_ACTIVE_ARCH = YES;
				SDKROOT = iphoneos;
				SWIFT_ACTIVE_COMPILATION_CONDITIONS = DEBUG;
				SWIFT_OPTIMIZATION_LEVEL = "-Onone";
			};
			name = Debug;
		};
		05543BB2283AE2A500017455 /* Release */ = {
			isa = XCBuildConfiguration;
			buildSettings = {
				ALWAYS_SEARCH_USER_PATHS = NO;
				CLANG_ANALYZER_NONNULL = YES;
				CLANG_ANALYZER_NUMBER_OBJECT_CONVERSION = YES_AGGRESSIVE;
				CLANG_CXX_LANGUAGE_STANDARD = "gnu++17";
				CLANG_ENABLE_MODULES = YES;
				CLANG_ENABLE_OBJC_ARC = YES;
				CLANG_ENABLE_OBJC_WEAK = YES;
				CLANG_WARN_BLOCK_CAPTURE_AUTORELEASING = YES;
				CLANG_WARN_BOOL_CONVERSION = YES;
				CLANG_WARN_COMMA = YES;
				CLANG_WARN_CONSTANT_CONVERSION = YES;
				CLANG_WARN_DEPRECATED_OBJC_IMPLEMENTATIONS = YES;
				CLANG_WARN_DIRECT_OBJC_ISA_USAGE = YES_ERROR;
				CLANG_WARN_DOCUMENTATION_COMMENTS = YES;
				CLANG_WARN_EMPTY_BODY = YES;
				CLANG_WARN_ENUM_CONVERSION = YES;
				CLANG_WARN_INFINITE_RECURSION = YES;
				CLANG_WARN_INT_CONVERSION = YES;
				CLANG_WARN_NON_LITERAL_NULL_CONVERSION = YES;
				CLANG_WARN_OBJC_IMPLICIT_RETAIN_SELF = YES;
				CLANG_WARN_OBJC_LITERAL_CONVERSION = YES;
				CLANG_WARN_OBJC_ROOT_CLASS = YES_ERROR;
				CLANG_WARN_QUOTED_INCLUDE_IN_FRAMEWORK_HEADER = YES;
				CLANG_WARN_RANGE_LOOP_ANALYSIS = YES;
				CLANG_WARN_STRICT_PROTOTYPES = YES;
				CLANG_WARN_SUSPICIOUS_MOVE = YES;
				CLANG_WARN_UNGUARDED_AVAILABILITY = YES_AGGRESSIVE;
				CLANG_WARN_UNREACHABLE_CODE = YES;
				CLANG_WARN__DUPLICATE_METHOD_MATCH = YES;
				COPY_PHASE_STRIP = NO;
				DEBUG_INFORMATION_FORMAT = "dwarf-with-dsym";
				ENABLE_NS_ASSERTIONS = NO;
				ENABLE_STRICT_OBJC_MSGSEND = YES;
				GCC_C_LANGUAGE_STANDARD = gnu11;
				GCC_NO_COMMON_BLOCKS = YES;
				GCC_WARN_64_TO_32_BIT_CONVERSION = YES;
				GCC_WARN_ABOUT_RETURN_TYPE = YES_ERROR;
				GCC_WARN_UNDECLARED_SELECTOR = YES;
				GCC_WARN_UNINITIALIZED_AUTOS = YES_AGGRESSIVE;
				GCC_WARN_UNUSED_FUNCTION = YES;
				GCC_WARN_UNUSED_VARIABLE = YES;
				IPHONEOS_DEPLOYMENT_TARGET = 15.5;
				MTL_ENABLE_DEBUG_INFO = NO;
				MTL_FAST_MATH = YES;
				SDKROOT = iphoneos;
				SWIFT_COMPILATION_MODE = wholemodule;
				SWIFT_OPTIMIZATION_LEVEL = "-O";
				VALIDATE_PRODUCT = YES;
			};
			name = Release;
		};
		05543BB4283AE2A500017455 /* Debug */ = {
			isa = XCBuildConfiguration;
			buildSettings = {
				ASSETCATALOG_COMPILER_APPICON_NAME = AppIcon;
				ASSETCATALOG_COMPILER_GLOBAL_ACCENT_COLOR_NAME = AccentColor;
				CODE_SIGN_STYLE = Automatic;
				CURRENT_PROJECT_VERSION = 1;
				DEVELOPMENT_TEAM = CPK979ST4Q;
				GENERATE_INFOPLIST_FILE = YES;
				INFOPLIST_FILE = Ordinario/Info.plist;
				INFOPLIST_KEY_UIApplicationSupportsIndirectInputEvents = YES;
				INFOPLIST_KEY_UILaunchStoryboardName = LaunchScreen;
				INFOPLIST_KEY_UIMainStoryboardFile = Main;
				INFOPLIST_KEY_UISupportedInterfaceOrientations_iPad = "UIInterfaceOrientationPortrait UIInterfaceOrientationPortraitUpsideDown UIInterfaceOrientationLandscapeLeft UIInterfaceOrientationLandscapeRight";
				INFOPLIST_KEY_UISupportedInterfaceOrientations_iPhone = "UIInterfaceOrientationPortrait UIInterfaceOrientationLandscapeLeft UIInterfaceOrientationLandscapeRight";
				LD_RUNPATH_SEARCH_PATHS = (
					"$(inherited)",
					"@executable_path/Frameworks",
				);
				MARKETING_VERSION = 1.0;
				PRODUCT_BUNDLE_IDENTIFIER = com.Rafael.Ordinario;
				PRODUCT_NAME = "$(TARGET_NAME)";
				SWIFT_EMIT_LOC_STRINGS = YES;
				SWIFT_VERSION = 5.0;
				TARGETED_DEVICE_FAMILY = "1,2";
			};
			name = Debug;
		};
		05543BB5283AE2A500017455 /* Release */ = {
			isa = XCBuildConfiguration;
			buildSettings = {
				ASSETCATALOG_COMPILER_APPICON_NAME = AppIcon;
				ASSETCATALOG_COMPILER_GLOBAL_ACCENT_COLOR_NAME = AccentColor;
				CODE_SIGN_STYLE = Automatic;
				CURRENT_PROJECT_VERSION = 1;
				DEVELOPMENT_TEAM = CPK979ST4Q;
				GENERATE_INFOPLIST_FILE = YES;
				INFOPLIST_FILE = Ordinario/Info.plist;
				INFOPLIST_KEY_UIApplicationSupportsIndirectInputEvents = YES;
				INFOPLIST_KEY_UILaunchStoryboardName = LaunchScreen;
				INFOPLIST_KEY_UIMainStoryboardFile = Main;
				INFOPLIST_KEY_UISupportedInterfaceOrientations_iPad = "UIInterfaceOrientationPortrait UIInterfaceOrientationPortraitUpsideDown UIInterfaceOrientationLandscapeLeft UIInterfaceOrientationLandscapeRight";
				INFOPLIST_KEY_UISupportedInterfaceOrientations_iPhone = "UIInterfaceOrientationPortrait UIInterfaceOrientationLandscapeLeft UIInterfaceOrientationLandscapeRight";
				LD_RUNPATH_SEARCH_PATHS = (
					"$(inherited)",
					"@executable_path/Frameworks",
				);
				MARKETING_VERSION = 1.0;
				PRODUCT_BUNDLE_IDENTIFIER = com.Rafael.Ordinario;
				PRODUCT_NAME = "$(TARGET_NAME)";
				SWIFT_EMIT_LOC_STRINGS = YES;
				SWIFT_VERSION = 5.0;
				TARGETED_DEVICE_FAMILY = "1,2";
			};
			name = Release;
		};
/* End XCBuildConfiguration section */

/* Begin XCConfigurationList section */
		05543B9A283AE2A300017455 /* Build configuration list for PBXProject "Ordinario" */ = {
			isa = XCConfigurationList;
			buildConfigurations = (
				05543BB1283AE2A500017455 /* Debug */,
				05543BB2283AE2A500017455 /* Release */,
			);
			defaultConfigurationIsVisible = 0;
			defaultConfigurationName = Release;
		};
		05543BB3283AE2A500017455 /* Build configuration list for PBXNativeTarget "Ordinario" */ = {
			isa = XCConfigurationList;
			buildConfigurations = (
				05543BB4283AE2A500017455 /* Debug */,
				05543BB5283AE2A500017455 /* Release */,
			);
			defaultConfigurationIsVisible = 0;
			defaultConfigurationName = Release;
		};
/* End XCConfigurationList section */

/* Begin XCRemoteSwiftPackageReference section */
		05869DEC284417E5005C9914 /* XCRemoteSwiftPackageReference "Kingfisher" */ = {
			isa = XCRemoteSwiftPackageReference;
			repositoryURL = "https://github.com/onevcat/Kingfisher";
			requirement = {
				kind = upToNextMajorVersion;
				minimumVersion = 7.0.0;
			};
		};
		05869DEF28441805005C9914 /* XCRemoteSwiftPackageReference "Alamofire" */ = {
			isa = XCRemoteSwiftPackageReference;
			repositoryURL = "https://github.com/Alamofire/Alamofire.git";
			requirement = {
				branch = master;
				kind = branch;
			};
		};
/* End XCRemoteSwiftPackageReference section */

/* Begin XCSwiftPackageProductDependency section */
		05869DED284417E5005C9914 /* Kingfisher */ = {
			isa = XCSwiftPackageProductDependency;
			package = 05869DEC284417E5005C9914 /* XCRemoteSwiftPackageReference "Kingfisher" */;
			productName = Kingfisher;
		};
		05869DF028441805005C9914 /* Alamofire */ = {
			isa = XCSwiftPackageProductDependency;
			package = 05869DEF28441805005C9914 /* XCRemoteSwiftPackageReference "Alamofire" */;
			productName = Alamofire;
		};
/* End XCSwiftPackageProductDependency section */
	};
	rootObject = 05543B97283AE2A300017455 /* Project object */;
}
